// !$*UTF8*$!
{
	archiveVersion = 1;
	classes = {
	};
	objectVersion = 51;
	objects = {

/* Begin PBXBuildFile section */
		1039FDFD244F1A1800190088 /* AppDelegate.swift in Sources */ = {isa = PBXBuildFile; fileRef = 1039FDFC244F1A1800190088 /* AppDelegate.swift */; };
		1039FDFF244F1A1800190088 /* SceneDelegate.swift in Sources */ = {isa = PBXBuildFile; fileRef = 1039FDFE244F1A1800190088 /* SceneDelegate.swift */; };
		1039FE01244F1A1800190088 /* ViewController.swift in Sources */ = {isa = PBXBuildFile; fileRef = 1039FE00244F1A1800190088 /* ViewController.swift */; };
		1039FE06244F1A1A00190088 /* Assets.xcassets in Resources */ = {isa = PBXBuildFile; fileRef = 1039FE05244F1A1A00190088 /* Assets.xcassets */; };
		1039FE09244F1A1A00190088 /* LaunchScreen.storyboard in Resources */ = {isa = PBXBuildFile; fileRef = 1039FE07244F1A1A00190088 /* LaunchScreen.storyboard */; };
		1039FE11244F20A900190088 /* Main.storyboard in Resources */ = {isa = PBXBuildFile; fileRef = 1039FE10244F20A900190088 /* Main.storyboard */; };
		1039FE17244F25E100190088 /* LoginViewController.swift in Sources */ = {isa = PBXBuildFile; fileRef = 1039FE16244F25E100190088 /* LoginViewController.swift */; };
		1039FE20244F33A100190088 /* ApiConstsant.swift in Sources */ = {isa = PBXBuildFile; fileRef = 1039FE1F244F33A100190088 /* ApiConstsant.swift */; };
		1039FE43244F608100190088 /* Logger.swift in Sources */ = {isa = PBXBuildFile; fileRef = 1039FE42244F608100190088 /* Logger.swift */; };
		1039FE45244F6C1F00190088 /* Guest.storyboard in Resources */ = {isa = PBXBuildFile; fileRef = 1039FE44244F6C1F00190088 /* Guest.storyboard */; };
		1039FE49244FFF3000190088 /* ApiClient.swift in Sources */ = {isa = PBXBuildFile; fileRef = 1039FE48244FFF3000190088 /* ApiClient.swift */; };
		1039FE4B2450057C00190088 /* ApiError.swift in Sources */ = {isa = PBXBuildFile; fileRef = 1039FE4A2450057C00190088 /* ApiError.swift */; };
		1039FE502450076300190088 /* UserApiConstants.swift in Sources */ = {isa = PBXBuildFile; fileRef = 1039FE4F2450076300190088 /* UserApiConstants.swift */; };
		1039FE5224500A4F00190088 /* BaseApiAdapter.swift in Sources */ = {isa = PBXBuildFile; fileRef = 1039FE5124500A4F00190088 /* BaseApiAdapter.swift */; };
		1039FE5424500F4C00190088 /* ETResponse.swift in Sources */ = {isa = PBXBuildFile; fileRef = 1039FE5324500F4C00190088 /* ETResponse.swift */; };
		1039FE5724501CB800190088 /* LoginApi.swift in Sources */ = {isa = PBXBuildFile; fileRef = 1039FE5624501CB800190088 /* LoginApi.swift */; };
		1039FE5924501EAF00190088 /* LoginRequest.swift in Sources */ = {isa = PBXBuildFile; fileRef = 1039FE5824501EAF00190088 /* LoginRequest.swift */; };
		1039FE5B2450424800190088 /* User.swift in Sources */ = {isa = PBXBuildFile; fileRef = 1039FE5A2450424800190088 /* User.swift */; };
		1039FE5D2450429600190088 /* LoginResponse.swift in Sources */ = {isa = PBXBuildFile; fileRef = 1039FE5C2450429600190088 /* LoginResponse.swift */; };
		1039FE602450569F00190088 /* ViewControllerExtension.swift in Sources */ = {isa = PBXBuildFile; fileRef = 1039FE5F2450569F00190088 /* ViewControllerExtension.swift */; };
		1039FE642450632900190088 /* AppEngine.swift in Sources */ = {isa = PBXBuildFile; fileRef = 1039FE632450632900190088 /* AppEngine.swift */; };
		1039FE66245064D800190088 /* UserDefaultHelper.swift in Sources */ = {isa = PBXBuildFile; fileRef = 1039FE65245064D800190088 /* UserDefaultHelper.swift */; };
		1039FE682450686E00190088 /* AppConstants.swift in Sources */ = {isa = PBXBuildFile; fileRef = 1039FE672450686E00190088 /* AppConstants.swift */; };
		1039FE6A24506DE800190088 /* LoginInterator.swift in Sources */ = {isa = PBXBuildFile; fileRef = 1039FE6924506DE800190088 /* LoginInterator.swift */; };
		1039FE6D24506ED600190088 /* BaseViewDelegate.swift in Sources */ = {isa = PBXBuildFile; fileRef = 1039FE6C24506ED600190088 /* BaseViewDelegate.swift */; };
		1039FE6F24506F7000190088 /* BaseInteractor.swift in Sources */ = {isa = PBXBuildFile; fileRef = 1039FE6E24506F7000190088 /* BaseInteractor.swift */; };
		1039FE712450706E00190088 /* MessageConstants.swift in Sources */ = {isa = PBXBuildFile; fileRef = 1039FE702450706E00190088 /* MessageConstants.swift */; };
		1039FE73245071A100190088 /* StringValidatorExtension.swift in Sources */ = {isa = PBXBuildFile; fileRef = 1039FE72245071A100190088 /* StringValidatorExtension.swift */; };
		1039FE772450877600190088 /* Admin.storyboard in Resources */ = {isa = PBXBuildFile; fileRef = 1039FE762450877600190088 /* Admin.storyboard */; };
		1039FE7A245088F600190088 /* CompletedEventsViewController.swift in Sources */ = {isa = PBXBuildFile; fileRef = 1039FE79245088F600190088 /* CompletedEventsViewController.swift */; };
		1039FE7C2450895100190088 /* ETViewController.swift in Sources */ = {isa = PBXBuildFile; fileRef = 1039FE7B2450895100190088 /* ETViewController.swift */; };
		1039FE7E24509A9A00190088 /* CompletedEventCell.swift in Sources */ = {isa = PBXBuildFile; fileRef = 1039FE7D24509A9A00190088 /* CompletedEventCell.swift */; };
		1039FE8024509EE800190088 /* CompletedEvent.swift in Sources */ = {isa = PBXBuildFile; fileRef = 1039FE7F24509EE800190088 /* CompletedEvent.swift */; };
		1039FE8224509F3100190088 /* CompletedEventsResponse.swift in Sources */ = {isa = PBXBuildFile; fileRef = 1039FE8124509F3100190088 /* CompletedEventsResponse.swift */; };
		1039FE8524509FE600190088 /* AdminApi.swift in Sources */ = {isa = PBXBuildFile; fileRef = 1039FE8424509FE600190088 /* AdminApi.swift */; };
		1039FE872450A06C00190088 /* AdminApiConstants.swift in Sources */ = {isa = PBXBuildFile; fileRef = 1039FE862450A06C00190088 /* AdminApiConstants.swift */; };
		1039FE892450A19600190088 /* CompletedEventRequest.swift in Sources */ = {isa = PBXBuildFile; fileRef = 1039FE882450A19600190088 /* CompletedEventRequest.swift */; };
		1039FE8B2450AB4E00190088 /* CompletedEventsInteractor.swift in Sources */ = {isa = PBXBuildFile; fileRef = 1039FE8A2450AB4E00190088 /* CompletedEventsInteractor.swift */; };
		10FCA24B2451CA7C00EA95C0 /* EventParticipantsController.swift in Sources */ = {isa = PBXBuildFile; fileRef = 10FCA24A2451CA7C00EA95C0 /* EventParticipantsController.swift */; };
		10FCA24D2451CAF500EA95C0 /* EventParticipantCell.swift in Sources */ = {isa = PBXBuildFile; fileRef = 10FCA24C2451CAF500EA95C0 /* EventParticipantCell.swift */; };
		10FCA24F2451CE0500EA95C0 /* EventParticipantRequest.swift in Sources */ = {isa = PBXBuildFile; fileRef = 10FCA24E2451CE0500EA95C0 /* EventParticipantRequest.swift */; };
		10FCA2512451CF9700EA95C0 /* EventParticipant.swift in Sources */ = {isa = PBXBuildFile; fileRef = 10FCA2502451CF9700EA95C0 /* EventParticipant.swift */; };
		10FCA2532451D06900EA95C0 /* EventParticipantResponse.swift in Sources */ = {isa = PBXBuildFile; fileRef = 10FCA2522451D06900EA95C0 /* EventParticipantResponse.swift */; };
		10FCA2552451D29900EA95C0 /* EventParticipantsInteractor.swift in Sources */ = {isa = PBXBuildFile; fileRef = 10FCA2542451D29900EA95C0 /* EventParticipantsInteractor.swift */; };
		10FCA257245212AD00EA95C0 /* StringDateExtension.swift in Sources */ = {isa = PBXBuildFile; fileRef = 10FCA256245212AD00EA95C0 /* StringDateExtension.swift */; };
		10FCA25924521E6300EA95C0 /* UiViewExtension.swift in Sources */ = {isa = PBXBuildFile; fileRef = 10FCA25824521E6300EA95C0 /* UiViewExtension.swift */; };
		E22F623ED7C628F5ED8B647A /* Pods_EvolveGT_iOS.framework in Frameworks */ = {isa = PBXBuildFile; fileRef = 9ED6F50B7241B802B2342C77 /* Pods_EvolveGT_iOS.framework */; };
/* End PBXBuildFile section */

/* Begin PBXFileReference section */
		1039FDF9244F1A1800190088 /* EvolveGT-iOS.app */ = {isa = PBXFileReference; explicitFileType = wrapper.application; includeInIndex = 0; path = "EvolveGT-iOS.app"; sourceTree = BUILT_PRODUCTS_DIR; };
		1039FDFC244F1A1800190088 /* AppDelegate.swift */ = {isa = PBXFileReference; lastKnownFileType = sourcecode.swift; path = AppDelegate.swift; sourceTree = "<group>"; };
		1039FDFE244F1A1800190088 /* SceneDelegate.swift */ = {isa = PBXFileReference; lastKnownFileType = sourcecode.swift; path = SceneDelegate.swift; sourceTree = "<group>"; };
		1039FE00244F1A1800190088 /* ViewController.swift */ = {isa = PBXFileReference; lastKnownFileType = sourcecode.swift; path = ViewController.swift; sourceTree = "<group>"; };
		1039FE05244F1A1A00190088 /* Assets.xcassets */ = {isa = PBXFileReference; lastKnownFileType = folder.assetcatalog; path = Assets.xcassets; sourceTree = "<group>"; };
		1039FE08244F1A1A00190088 /* Base */ = {isa = PBXFileReference; lastKnownFileType = file.storyboard; name = Base; path = Base.lproj/LaunchScreen.storyboard; sourceTree = "<group>"; };
		1039FE0A244F1A1A00190088 /* Info.plist */ = {isa = PBXFileReference; lastKnownFileType = text.plist.xml; path = Info.plist; sourceTree = "<group>"; };
		1039FE10244F20A900190088 /* Main.storyboard */ = {isa = PBXFileReference; fileEncoding = 4; lastKnownFileType = file.storyboard; path = Main.storyboard; sourceTree = "<group>"; };
		1039FE16244F25E100190088 /* LoginViewController.swift */ = {isa = PBXFileReference; lastKnownFileType = sourcecode.swift; path = LoginViewController.swift; sourceTree = "<group>"; };
		1039FE1F244F33A100190088 /* ApiConstsant.swift */ = {isa = PBXFileReference; lastKnownFileType = sourcecode.swift; path = ApiConstsant.swift; sourceTree = "<group>"; };
		1039FE3B244F5CD100190088 /* ConfigQA.xcconfig */ = {isa = PBXFileReference; lastKnownFileType = text.xcconfig; path = ConfigQA.xcconfig; sourceTree = "<group>"; };
		1039FE3C244F5CEC00190088 /* ConfigAppStore.xcconfig */ = {isa = PBXFileReference; lastKnownFileType = text.xcconfig; path = ConfigAppStore.xcconfig; sourceTree = "<group>"; };
		1039FE42244F608100190088 /* Logger.swift */ = {isa = PBXFileReference; lastKnownFileType = sourcecode.swift; path = Logger.swift; sourceTree = "<group>"; };
		1039FE44244F6C1F00190088 /* Guest.storyboard */ = {isa = PBXFileReference; fileEncoding = 4; lastKnownFileType = file.storyboard; path = Guest.storyboard; sourceTree = "<group>"; };
		1039FE48244FFF3000190088 /* ApiClient.swift */ = {isa = PBXFileReference; lastKnownFileType = sourcecode.swift; path = ApiClient.swift; sourceTree = "<group>"; };
		1039FE4A2450057C00190088 /* ApiError.swift */ = {isa = PBXFileReference; lastKnownFileType = sourcecode.swift; path = ApiError.swift; sourceTree = "<group>"; };
		1039FE4F2450076300190088 /* UserApiConstants.swift */ = {isa = PBXFileReference; lastKnownFileType = sourcecode.swift; path = UserApiConstants.swift; sourceTree = "<group>"; };
		1039FE5124500A4F00190088 /* BaseApiAdapter.swift */ = {isa = PBXFileReference; lastKnownFileType = sourcecode.swift; path = BaseApiAdapter.swift; sourceTree = "<group>"; };
		1039FE5324500F4C00190088 /* ETResponse.swift */ = {isa = PBXFileReference; lastKnownFileType = sourcecode.swift; path = ETResponse.swift; sourceTree = "<group>"; };
		1039FE5624501CB800190088 /* LoginApi.swift */ = {isa = PBXFileReference; lastKnownFileType = sourcecode.swift; path = LoginApi.swift; sourceTree = "<group>"; };
		1039FE5824501EAF00190088 /* LoginRequest.swift */ = {isa = PBXFileReference; lastKnownFileType = sourcecode.swift; path = LoginRequest.swift; sourceTree = "<group>"; };
		1039FE5A2450424800190088 /* User.swift */ = {isa = PBXFileReference; lastKnownFileType = sourcecode.swift; path = User.swift; sourceTree = "<group>"; };
		1039FE5C2450429600190088 /* LoginResponse.swift */ = {isa = PBXFileReference; lastKnownFileType = sourcecode.swift; path = LoginResponse.swift; sourceTree = "<group>"; };
		1039FE5F2450569F00190088 /* ViewControllerExtension.swift */ = {isa = PBXFileReference; lastKnownFileType = sourcecode.swift; path = ViewControllerExtension.swift; sourceTree = "<group>"; };
		1039FE632450632900190088 /* AppEngine.swift */ = {isa = PBXFileReference; lastKnownFileType = sourcecode.swift; path = AppEngine.swift; sourceTree = "<group>"; };
		1039FE65245064D800190088 /* UserDefaultHelper.swift */ = {isa = PBXFileReference; lastKnownFileType = sourcecode.swift; path = UserDefaultHelper.swift; sourceTree = "<group>"; };
		1039FE672450686E00190088 /* AppConstants.swift */ = {isa = PBXFileReference; lastKnownFileType = sourcecode.swift; path = AppConstants.swift; sourceTree = "<group>"; };
		1039FE6924506DE800190088 /* LoginInterator.swift */ = {isa = PBXFileReference; lastKnownFileType = sourcecode.swift; path = LoginInterator.swift; sourceTree = "<group>"; };
		1039FE6C24506ED600190088 /* BaseViewDelegate.swift */ = {isa = PBXFileReference; lastKnownFileType = sourcecode.swift; path = BaseViewDelegate.swift; sourceTree = "<group>"; };
		1039FE6E24506F7000190088 /* BaseInteractor.swift */ = {isa = PBXFileReference; lastKnownFileType = sourcecode.swift; path = BaseInteractor.swift; sourceTree = "<group>"; };
		1039FE702450706E00190088 /* MessageConstants.swift */ = {isa = PBXFileReference; lastKnownFileType = sourcecode.swift; path = MessageConstants.swift; sourceTree = "<group>"; };
		1039FE72245071A100190088 /* StringValidatorExtension.swift */ = {isa = PBXFileReference; lastKnownFileType = sourcecode.swift; path = StringValidatorExtension.swift; sourceTree = "<group>"; };
		1039FE762450877600190088 /* Admin.storyboard */ = {isa = PBXFileReference; fileEncoding = 4; lastKnownFileType = file.storyboard; path = Admin.storyboard; sourceTree = "<group>"; };
		1039FE79245088F600190088 /* CompletedEventsViewController.swift */ = {isa = PBXFileReference; lastKnownFileType = sourcecode.swift; path = CompletedEventsViewController.swift; sourceTree = "<group>"; };
		1039FE7B2450895100190088 /* ETViewController.swift */ = {isa = PBXFileReference; lastKnownFileType = sourcecode.swift; path = ETViewController.swift; sourceTree = "<group>"; };
		1039FE7D24509A9A00190088 /* CompletedEventCell.swift */ = {isa = PBXFileReference; lastKnownFileType = sourcecode.swift; path = CompletedEventCell.swift; sourceTree = "<group>"; };
		1039FE7F24509EE800190088 /* CompletedEvent.swift */ = {isa = PBXFileReference; lastKnownFileType = sourcecode.swift; path = CompletedEvent.swift; sourceTree = "<group>"; };
		1039FE8124509F3100190088 /* CompletedEventsResponse.swift */ = {isa = PBXFileReference; lastKnownFileType = sourcecode.swift; path = CompletedEventsResponse.swift; sourceTree = "<group>"; };
		1039FE8424509FE600190088 /* AdminApi.swift */ = {isa = PBXFileReference; lastKnownFileType = sourcecode.swift; path = AdminApi.swift; sourceTree = "<group>"; };
		1039FE862450A06C00190088 /* AdminApiConstants.swift */ = {isa = PBXFileReference; lastKnownFileType = sourcecode.swift; path = AdminApiConstants.swift; sourceTree = "<group>"; };
		1039FE882450A19600190088 /* CompletedEventRequest.swift */ = {isa = PBXFileReference; lastKnownFileType = sourcecode.swift; path = CompletedEventRequest.swift; sourceTree = "<group>"; };
		1039FE8A2450AB4E00190088 /* CompletedEventsInteractor.swift */ = {isa = PBXFileReference; lastKnownFileType = sourcecode.swift; path = CompletedEventsInteractor.swift; sourceTree = "<group>"; };
		10FCA24A2451CA7C00EA95C0 /* EventParticipantsController.swift */ = {isa = PBXFileReference; lastKnownFileType = sourcecode.swift; path = EventParticipantsController.swift; sourceTree = "<group>"; };
		10FCA24C2451CAF500EA95C0 /* EventParticipantCell.swift */ = {isa = PBXFileReference; lastKnownFileType = sourcecode.swift; path = EventParticipantCell.swift; sourceTree = "<group>"; };
		10FCA24E2451CE0500EA95C0 /* EventParticipantRequest.swift */ = {isa = PBXFileReference; lastKnownFileType = sourcecode.swift; path = EventParticipantRequest.swift; sourceTree = "<group>"; };
		10FCA2502451CF9700EA95C0 /* EventParticipant.swift */ = {isa = PBXFileReference; lastKnownFileType = sourcecode.swift; path = EventParticipant.swift; sourceTree = "<group>"; };
		10FCA2522451D06900EA95C0 /* EventParticipantResponse.swift */ = {isa = PBXFileReference; lastKnownFileType = sourcecode.swift; path = EventParticipantResponse.swift; sourceTree = "<group>"; };
		10FCA2542451D29900EA95C0 /* EventParticipantsInteractor.swift */ = {isa = PBXFileReference; lastKnownFileType = sourcecode.swift; path = EventParticipantsInteractor.swift; sourceTree = "<group>"; };
		10FCA256245212AD00EA95C0 /* StringDateExtension.swift */ = {isa = PBXFileReference; lastKnownFileType = sourcecode.swift; path = StringDateExtension.swift; sourceTree = "<group>"; };
		10FCA25824521E6300EA95C0 /* UiViewExtension.swift */ = {isa = PBXFileReference; lastKnownFileType = sourcecode.swift; path = UiViewExtension.swift; sourceTree = "<group>"; };
		1C85763EA134529E65BC648C /* Pods-EvolveGT-iOS.debug.xcconfig */ = {isa = PBXFileReference; includeInIndex = 1; lastKnownFileType = text.xcconfig; name = "Pods-EvolveGT-iOS.debug.xcconfig"; path = "Target Support Files/Pods-EvolveGT-iOS/Pods-EvolveGT-iOS.debug.xcconfig"; sourceTree = "<group>"; };
		6D74E853335F961FFC3C29D4 /* Pods-EvolveGT-iOS.sample.xcconfig */ = {isa = PBXFileReference; includeInIndex = 1; lastKnownFileType = text.xcconfig; name = "Pods-EvolveGT-iOS.sample.xcconfig"; path = "Target Support Files/Pods-EvolveGT-iOS/Pods-EvolveGT-iOS.sample.xcconfig"; sourceTree = "<group>"; };
		73B7DDD2238E3F28A47DC264 /* Pods-EvolveGT-iOS.appstore.xcconfig */ = {isa = PBXFileReference; includeInIndex = 1; lastKnownFileType = text.xcconfig; name = "Pods-EvolveGT-iOS.appstore.xcconfig"; path = "Target Support Files/Pods-EvolveGT-iOS/Pods-EvolveGT-iOS.appstore.xcconfig"; sourceTree = "<group>"; };
		9ED6F50B7241B802B2342C77 /* Pods_EvolveGT_iOS.framework */ = {isa = PBXFileReference; explicitFileType = wrapper.framework; includeInIndex = 0; path = Pods_EvolveGT_iOS.framework; sourceTree = BUILT_PRODUCTS_DIR; };
		AE86EE90B82E53ECE2138B49 /* Pods-EvolveGT-iOS.qa.xcconfig */ = {isa = PBXFileReference; includeInIndex = 1; lastKnownFileType = text.xcconfig; name = "Pods-EvolveGT-iOS.qa.xcconfig"; path = "Target Support Files/Pods-EvolveGT-iOS/Pods-EvolveGT-iOS.qa.xcconfig"; sourceTree = "<group>"; };
		FEF52093E7F1FBFC66BA6E5A /* Pods-EvolveGT-iOS.release.xcconfig */ = {isa = PBXFileReference; includeInIndex = 1; lastKnownFileType = text.xcconfig; name = "Pods-EvolveGT-iOS.release.xcconfig"; path = "Target Support Files/Pods-EvolveGT-iOS/Pods-EvolveGT-iOS.release.xcconfig"; sourceTree = "<group>"; };
/* End PBXFileReference section */

/* Begin PBXFrameworksBuildPhase section */
		1039FDF6244F1A1800190088 /* Frameworks */ = {
			isa = PBXFrameworksBuildPhase;
			buildActionMask = 2147483647;
			files = (
				E22F623ED7C628F5ED8B647A /* Pods_EvolveGT_iOS.framework in Frameworks */,
			);
			runOnlyForDeploymentPostprocessing = 0;
		};
/* End PBXFrameworksBuildPhase section */

/* Begin PBXGroup section */
		1039FDF0244F1A1800190088 = {
			isa = PBXGroup;
			children = (
				1039FDFB244F1A1800190088 /* EvolveGT-iOS */,
				1039FDFA244F1A1800190088 /* Products */,
				B25958DA9322864B0E791DD4 /* Pods */,
				9618B72B430B35C33B2F4B05 /* Frameworks */,
			);
			sourceTree = "<group>";
		};
		1039FDFA244F1A1800190088 /* Products */ = {
			isa = PBXGroup;
			children = (
				1039FDF9244F1A1800190088 /* EvolveGT-iOS.app */,
			);
			name = Products;
			sourceTree = "<group>";
		};
		1039FDFB244F1A1800190088 /* EvolveGT-iOS */ = {
			isa = PBXGroup;
			children = (
				1039FE622450631500190088 /* Core */,
				1039FE5E2450568A00190088 /* Extensions */,
				1039FE41244F607000190088 /* Logger */,
				1039FE3A244F5C9B00190088 /* Config */,
				1039FE19244F332F00190088 /* Network */,
				1039FE18244F332700190088 /* Model */,
				1039FE12244F25A100190088 /* Features */,
				1039FDFC244F1A1800190088 /* AppDelegate.swift */,
				1039FDFE244F1A1800190088 /* SceneDelegate.swift */,
				1039FE00244F1A1800190088 /* ViewController.swift */,
				1039FE05244F1A1A00190088 /* Assets.xcassets */,
				1039FE07244F1A1A00190088 /* LaunchScreen.storyboard */,
				1039FE0A244F1A1A00190088 /* Info.plist */,
			);
			path = "EvolveGT-iOS";
			sourceTree = "<group>";
		};
		1039FE12244F25A100190088 /* Features */ = {
			isa = PBXGroup;
			children = (
				1039FE742450874C00190088 /* Admin */,
				1039FE6B24506EBE00190088 /* Base */,
				1039FE46244F6C3000190088 /* Guest */,
				1039FE13244F25AA00190088 /* Login */,
			);
			path = Features;
			sourceTree = "<group>";
		};
		1039FE13244F25AA00190088 /* Login */ = {
			isa = PBXGroup;
			children = (
				1039FE16244F25E100190088 /* LoginViewController.swift */,
				1039FE10244F20A900190088 /* Main.storyboard */,
				1039FE6924506DE800190088 /* LoginInterator.swift */,
			);
			path = Login;
			sourceTree = "<group>";
		};
		1039FE18244F332700190088 /* Model */ = {
			isa = PBXGroup;
			children = (
				1039FE5A2450424800190088 /* User.swift */,
				1039FE7F24509EE800190088 /* CompletedEvent.swift */,
				10FCA2502451CF9700EA95C0 /* EventParticipant.swift */,
			);
			path = Model;
			sourceTree = "<group>";
		};
		1039FE19244F332F00190088 /* Network */ = {
			isa = PBXGroup;
			children = (
				1039FE4E2450074000190088 /* UrlConstants */,
				1039FE1E244F337B00190088 /* Adapter */,
				1039FE1D244F336900190088 /* Api */,
				1039FE1A244F333900190088 /* Model */,
			);
			path = Network;
			sourceTree = "<group>";
		};
		1039FE1A244F333900190088 /* Model */ = {
			isa = PBXGroup;
			children = (
				1039FE1C244F334D00190088 /* Response */,
				1039FE1B244F334300190088 /* Request */,
			);
			path = Model;
			sourceTree = "<group>";
		};
		1039FE1B244F334300190088 /* Request */ = {
			isa = PBXGroup;
			children = (
				1039FE5824501EAF00190088 /* LoginRequest.swift */,
				1039FE882450A19600190088 /* CompletedEventRequest.swift */,
				10FCA24E2451CE0500EA95C0 /* EventParticipantRequest.swift */,
			);
			path = Request;
			sourceTree = "<group>";
		};
		1039FE1C244F334D00190088 /* Response */ = {
			isa = PBXGroup;
			children = (
				1039FE5324500F4C00190088 /* ETResponse.swift */,
				1039FE5C2450429600190088 /* LoginResponse.swift */,
				1039FE8124509F3100190088 /* CompletedEventsResponse.swift */,
				10FCA2522451D06900EA95C0 /* EventParticipantResponse.swift */,
			);
			path = Response;
			sourceTree = "<group>";
		};
		1039FE1D244F336900190088 /* Api */ = {
			isa = PBXGroup;
			children = (
				1039FE48244FFF3000190088 /* ApiClient.swift */,
				1039FE4A2450057C00190088 /* ApiError.swift */,
			);
			path = Api;
			sourceTree = "<group>";
		};
		1039FE1E244F337B00190088 /* Adapter */ = {
			isa = PBXGroup;
			children = (
				1039FE8324509FCB00190088 /* AdminApi */,
				1039FE5524501C9C00190088 /* UserApi */,
				1039FE5124500A4F00190088 /* BaseApiAdapter.swift */,
			);
			path = Adapter;
			sourceTree = "<group>";
		};
		1039FE3A244F5C9B00190088 /* Config */ = {
			isa = PBXGroup;
			children = (
				1039FE3B244F5CD100190088 /* ConfigQA.xcconfig */,
				1039FE3C244F5CEC00190088 /* ConfigAppStore.xcconfig */,
			);
			path = Config;
			sourceTree = "<group>";
		};
		1039FE41244F607000190088 /* Logger */ = {
			isa = PBXGroup;
			children = (
				1039FE42244F608100190088 /* Logger.swift */,
			);
			path = Logger;
			sourceTree = "<group>";
		};
		1039FE46244F6C3000190088 /* Guest */ = {
			isa = PBXGroup;
			children = (
				1039FE47244F6C3F00190088 /* View */,
			);
			path = Guest;
			sourceTree = "<group>";
		};
		1039FE47244F6C3F00190088 /* View */ = {
			isa = PBXGroup;
			children = (
				1039FE44244F6C1F00190088 /* Guest.storyboard */,
			);
			path = View;
			sourceTree = "<group>";
		};
		1039FE4E2450074000190088 /* UrlConstants */ = {
			isa = PBXGroup;
			children = (
				1039FE1F244F33A100190088 /* ApiConstsant.swift */,
				1039FE4F2450076300190088 /* UserApiConstants.swift */,
				1039FE862450A06C00190088 /* AdminApiConstants.swift */,
			);
			path = UrlConstants;
			sourceTree = "<group>";
		};
		1039FE5524501C9C00190088 /* UserApi */ = {
			isa = PBXGroup;
			children = (
				1039FE5624501CB800190088 /* LoginApi.swift */,
			);
			path = UserApi;
			sourceTree = "<group>";
		};
		1039FE5E2450568A00190088 /* Extensions */ = {
			isa = PBXGroup;
			children = (
				1039FE5F2450569F00190088 /* ViewControllerExtension.swift */,
				1039FE72245071A100190088 /* StringValidatorExtension.swift */,
				10FCA256245212AD00EA95C0 /* StringDateExtension.swift */,
				10FCA25824521E6300EA95C0 /* UiViewExtension.swift */,
			);
			path = Extensions;
			sourceTree = "<group>";
		};
		1039FE622450631500190088 /* Core */ = {
			isa = PBXGroup;
			children = (
				1039FE632450632900190088 /* AppEngine.swift */,
				1039FE65245064D800190088 /* UserDefaultHelper.swift */,
				1039FE672450686E00190088 /* AppConstants.swift */,
				1039FE702450706E00190088 /* MessageConstants.swift */,
			);
			path = Core;
			sourceTree = "<group>";
		};
		1039FE6B24506EBE00190088 /* Base */ = {
			isa = PBXGroup;
			children = (
				1039FE6C24506ED600190088 /* BaseViewDelegate.swift */,
				1039FE6E24506F7000190088 /* BaseInteractor.swift */,
				1039FE7B2450895100190088 /* ETViewController.swift */,
			);
			path = Base;
			sourceTree = "<group>";
		};
		1039FE742450874C00190088 /* Admin */ = {
			isa = PBXGroup;
			children = (
				10FCA2492451CA5F00EA95C0 /* EventParticipants */,
				1039FE782450886700190088 /* CompletedEvents */,
				1039FE752450875600190088 /* View */,
			);
			path = Admin;
			sourceTree = "<group>";
		};
		1039FE752450875600190088 /* View */ = {
			isa = PBXGroup;
			children = (
				1039FE762450877600190088 /* Admin.storyboard */,
				1039FE7D24509A9A00190088 /* CompletedEventCell.swift */,
				10FCA24C2451CAF500EA95C0 /* EventParticipantCell.swift */,
			);
			path = View;
			sourceTree = "<group>";
		};
		1039FE782450886700190088 /* CompletedEvents */ = {
			isa = PBXGroup;
			children = (
				1039FE79245088F600190088 /* CompletedEventsViewController.swift */,
				1039FE8A2450AB4E00190088 /* CompletedEventsInteractor.swift */,
			);
			path = CompletedEvents;
			sourceTree = "<group>";
		};
		1039FE8324509FCB00190088 /* AdminApi */ = {
			isa = PBXGroup;
			children = (
				1039FE8424509FE600190088 /* AdminApi.swift */,
			);
			path = AdminApi;
			sourceTree = "<group>";
		};
		10FCA2492451CA5F00EA95C0 /* EventParticipants */ = {
			isa = PBXGroup;
			children = (
				10FCA24A2451CA7C00EA95C0 /* EventParticipantsController.swift */,
				10FCA2542451D29900EA95C0 /* EventParticipantsInteractor.swift */,
			);
			path = EventParticipants;
			sourceTree = "<group>";
		};
		9618B72B430B35C33B2F4B05 /* Frameworks */ = {
			isa = PBXGroup;
			children = (
				9ED6F50B7241B802B2342C77 /* Pods_EvolveGT_iOS.framework */,
			);
			name = Frameworks;
			sourceTree = "<group>";
		};
		B25958DA9322864B0E791DD4 /* Pods */ = {
			isa = PBXGroup;
			children = (
				1C85763EA134529E65BC648C /* Pods-EvolveGT-iOS.debug.xcconfig */,
				FEF52093E7F1FBFC66BA6E5A /* Pods-EvolveGT-iOS.release.xcconfig */,
				AE86EE90B82E53ECE2138B49 /* Pods-EvolveGT-iOS.qa.xcconfig */,
				73B7DDD2238E3F28A47DC264 /* Pods-EvolveGT-iOS.appstore.xcconfig */,
				6D74E853335F961FFC3C29D4 /* Pods-EvolveGT-iOS.sample.xcconfig */,
			);
			path = Pods;
			sourceTree = "<group>";
		};
/* End PBXGroup section */

/* Begin PBXNativeTarget section */
		1039FDF8244F1A1800190088 /* EvolveGT-iOS */ = {
			isa = PBXNativeTarget;
			buildConfigurationList = 1039FE0D244F1A1A00190088 /* Build configuration list for PBXNativeTarget "EvolveGT-iOS" */;
			buildPhases = (
				3B97CC3DE3479C6F4B04BED5 /* [CP] Check Pods Manifest.lock */,
				1039FDF5244F1A1800190088 /* Sources */,
				1039FDF6244F1A1800190088 /* Frameworks */,
				1039FDF7244F1A1800190088 /* Resources */,
				CE4547EC993031543E6414C2 /* [CP] Embed Pods Frameworks */,
			);
			buildRules = (
			);
			dependencies = (
			);
			name = "EvolveGT-iOS";
			productName = "EvolveGT-iOS";
			productReference = 1039FDF9244F1A1800190088 /* EvolveGT-iOS.app */;
			productType = "com.apple.product-type.application";
		};
/* End PBXNativeTarget section */

/* Begin PBXProject section */
		1039FDF1244F1A1800190088 /* Project object */ = {
			isa = PBXProject;
			attributes = {
				LastSwiftUpdateCheck = 1140;
				LastUpgradeCheck = 1140;
				ORGANIZATIONNAME = YaraTech;
				TargetAttributes = {
					1039FDF8244F1A1800190088 = {
						CreatedOnToolsVersion = 11.4.1;
					};
				};
			};
			buildConfigurationList = 1039FDF4244F1A1800190088 /* Build configuration list for PBXProject "EvolveGT-iOS" */;
			compatibilityVersion = "Xcode 9.3";
			developmentRegion = en;
			hasScannedForEncodings = 0;
			knownRegions = (
				en,
				Base,
			);
			mainGroup = 1039FDF0244F1A1800190088;
			productRefGroup = 1039FDFA244F1A1800190088 /* Products */;
			projectDirPath = "";
			projectRoot = "";
			targets = (
				1039FDF8244F1A1800190088 /* EvolveGT-iOS */,
			);
		};
/* End PBXProject section */

/* Begin PBXResourcesBuildPhase section */
		1039FDF7244F1A1800190088 /* Resources */ = {
			isa = PBXResourcesBuildPhase;
			buildActionMask = 2147483647;
			files = (
				1039FE09244F1A1A00190088 /* LaunchScreen.storyboard in Resources */,
				1039FE772450877600190088 /* Admin.storyboard in Resources */,
				1039FE06244F1A1A00190088 /* Assets.xcassets in Resources */,
				1039FE11244F20A900190088 /* Main.storyboard in Resources */,
				1039FE45244F6C1F00190088 /* Guest.storyboard in Resources */,
			);
			runOnlyForDeploymentPostprocessing = 0;
		};
/* End PBXResourcesBuildPhase section */

/* Begin PBXShellScriptBuildPhase section */
		3B97CC3DE3479C6F4B04BED5 /* [CP] Check Pods Manifest.lock */ = {
			isa = PBXShellScriptBuildPhase;
			buildActionMask = 2147483647;
			files = (
			);
			inputFileListPaths = (
			);
			inputPaths = (
				"${PODS_PODFILE_DIR_PATH}/Podfile.lock",
				"${PODS_ROOT}/Manifest.lock",
			);
			name = "[CP] Check Pods Manifest.lock";
			outputFileListPaths = (
			);
			outputPaths = (
				"$(DERIVED_FILE_DIR)/Pods-EvolveGT-iOS-checkManifestLockResult.txt",
			);
			runOnlyForDeploymentPostprocessing = 0;
			shellPath = /bin/sh;
			shellScript = "diff \"${PODS_PODFILE_DIR_PATH}/Podfile.lock\" \"${PODS_ROOT}/Manifest.lock\" > /dev/null\nif [ $? != 0 ] ; then\n    # print error to STDERR\n    echo \"error: The sandbox is not in sync with the Podfile.lock. Run 'pod install' or update your CocoaPods installation.\" >&2\n    exit 1\nfi\n# This output is used by Xcode 'outputs' to avoid re-running this script phase.\necho \"SUCCESS\" > \"${SCRIPT_OUTPUT_FILE_0}\"\n";
			showEnvVarsInLog = 0;
		};
		CE4547EC993031543E6414C2 /* [CP] Embed Pods Frameworks */ = {
			isa = PBXShellScriptBuildPhase;
			buildActionMask = 2147483647;
			files = (
			);
			inputFileListPaths = (
				"${PODS_ROOT}/Target Support Files/Pods-EvolveGT-iOS/Pods-EvolveGT-iOS-frameworks-${CONFIGURATION}-input-files.xcfilelist",
			);
			name = "[CP] Embed Pods Frameworks";
			outputFileListPaths = (
				"${PODS_ROOT}/Target Support Files/Pods-EvolveGT-iOS/Pods-EvolveGT-iOS-frameworks-${CONFIGURATION}-output-files.xcfilelist",
			);
			runOnlyForDeploymentPostprocessing = 0;
			shellPath = /bin/sh;
			shellScript = "\"${PODS_ROOT}/Target Support Files/Pods-EvolveGT-iOS/Pods-EvolveGT-iOS-frameworks.sh\"\n";
			showEnvVarsInLog = 0;
		};
/* End PBXShellScriptBuildPhase section */

/* Begin PBXSourcesBuildPhase section */
		1039FDF5244F1A1800190088 /* Sources */ = {
			isa = PBXSourcesBuildPhase;
			buildActionMask = 2147483647;
			files = (
				1039FE6D24506ED600190088 /* BaseViewDelegate.swift in Sources */,
				10FCA2552451D29900EA95C0 /* EventParticipantsInteractor.swift in Sources */,
				1039FE682450686E00190088 /* AppConstants.swift in Sources */,
				1039FE8024509EE800190088 /* CompletedEvent.swift in Sources */,
				1039FE7E24509A9A00190088 /* CompletedEventCell.swift in Sources */,
				1039FE49244FFF3000190088 /* ApiClient.swift in Sources */,
				10FCA257245212AD00EA95C0 /* StringDateExtension.swift in Sources */,
				1039FE5924501EAF00190088 /* LoginRequest.swift in Sources */,
				10FCA24F2451CE0500EA95C0 /* EventParticipantRequest.swift in Sources */,
				1039FE502450076300190088 /* UserApiConstants.swift in Sources */,
				1039FE17244F25E100190088 /* LoginViewController.swift in Sources */,
				1039FE602450569F00190088 /* ViewControllerExtension.swift in Sources */,
				1039FE8B2450AB4E00190088 /* CompletedEventsInteractor.swift in Sources */,
				1039FE712450706E00190088 /* MessageConstants.swift in Sources */,
				1039FE8224509F3100190088 /* CompletedEventsResponse.swift in Sources */,
				10FCA24D2451CAF500EA95C0 /* EventParticipantCell.swift in Sources */,
				1039FE642450632900190088 /* AppEngine.swift in Sources */,
				1039FE43244F608100190088 /* Logger.swift in Sources */,
				1039FE5724501CB800190088 /* LoginApi.swift in Sources */,
				1039FE8524509FE600190088 /* AdminApi.swift in Sources */,
				1039FE73245071A100190088 /* StringValidatorExtension.swift in Sources */,
				10FCA2532451D06900EA95C0 /* EventParticipantResponse.swift in Sources */,
				1039FE5B2450424800190088 /* User.swift in Sources */,
				10FCA24B2451CA7C00EA95C0 /* EventParticipantsController.swift in Sources */,
				1039FE7C2450895100190088 /* ETViewController.swift in Sources */,
				1039FE5224500A4F00190088 /* BaseApiAdapter.swift in Sources */,
				1039FE66245064D800190088 /* UserDefaultHelper.swift in Sources */,
				1039FE6A24506DE800190088 /* LoginInterator.swift in Sources */,
				1039FE01244F1A1800190088 /* ViewController.swift in Sources */,
				1039FE5424500F4C00190088 /* ETResponse.swift in Sources */,
				1039FE872450A06C00190088 /* AdminApiConstants.swift in Sources */,
				1039FE20244F33A100190088 /* ApiConstsant.swift in Sources */,
				1039FE4B2450057C00190088 /* ApiError.swift in Sources */,
				1039FDFD244F1A1800190088 /* AppDelegate.swift in Sources */,
				10FCA2512451CF9700EA95C0 /* EventParticipant.swift in Sources */,
				1039FE7A245088F600190088 /* CompletedEventsViewController.swift in Sources */,
				1039FE6F24506F7000190088 /* BaseInteractor.swift in Sources */,
				10FCA25924521E6300EA95C0 /* UiViewExtension.swift in Sources */,
				1039FDFF244F1A1800190088 /* SceneDelegate.swift in Sources */,
				1039FE892450A19600190088 /* CompletedEventRequest.swift in Sources */,
				1039FE5D2450429600190088 /* LoginResponse.swift in Sources */,
			);
			runOnlyForDeploymentPostprocessing = 0;
		};
/* End PBXSourcesBuildPhase section */

/* Begin PBXVariantGroup section */
		1039FE07244F1A1A00190088 /* LaunchScreen.storyboard */ = {
			isa = PBXVariantGroup;
			children = (
				1039FE08244F1A1A00190088 /* Base */,
			);
			name = LaunchScreen.storyboard;
			sourceTree = "<group>";
		};
/* End PBXVariantGroup section */

/* Begin XCBuildConfiguration section */
		1039FE0B244F1A1A00190088 /* Debug */ = {
			isa = XCBuildConfiguration;
			buildSettings = {
				ALWAYS_SEARCH_USER_PATHS = NO;
				CLANG_ANALYZER_NONNULL = YES;
				CLANG_ANALYZER_NUMBER_OBJECT_CONVERSION = YES_AGGRESSIVE;
				CLANG_CXX_LANGUAGE_STANDARD = "gnu++14";
				CLANG_CXX_LIBRARY = "libc++";
				CLANG_ENABLE_MODULES = YES;
				CLANG_ENABLE_OBJC_ARC = YES;
				CLANG_ENABLE_OBJC_WEAK = YES;
				CLANG_WARN_BLOCK_CAPTURE_AUTORELEASING = YES;
				CLANG_WARN_BOOL_CONVERSION = YES;
				CLANG_WARN_COMMA = YES;
				CLANG_WARN_CONSTANT_CONVERSION = YES;
				CLANG_WARN_DEPRECATED_OBJC_IMPLEMENTATIONS = YES;
				CLANG_WARN_DIRECT_OBJC_ISA_USAGE = YES_ERROR;
				CLANG_WARN_DOCUMENTATION_COMMENTS = YES;
				CLANG_WARN_EMPTY_BODY = YES;
				CLANG_WARN_ENUM_CONVERSION = YES;
				CLANG_WARN_INFINITE_RECURSION = YES;
				CLANG_WARN_INT_CONVERSION = YES;
				CLANG_WARN_NON_LITERAL_NULL_CONVERSION = YES;
				CLANG_WARN_OBJC_IMPLICIT_RETAIN_SELF = YES;
				CLANG_WARN_OBJC_LITERAL_CONVERSION = YES;
				CLANG_WARN_OBJC_ROOT_CLASS = YES_ERROR;
				CLANG_WARN_RANGE_LOOP_ANALYSIS = YES;
				CLANG_WARN_STRICT_PROTOTYPES = YES;
				CLANG_WARN_SUSPICIOUS_MOVE = YES;
				CLANG_WARN_UNGUARDED_AVAILABILITY = YES_AGGRESSIVE;
				CLANG_WARN_UNREACHABLE_CODE = YES;
				CLANG_WARN__DUPLICATE_METHOD_MATCH = YES;
				COPY_PHASE_STRIP = NO;
				DEBUG_INFORMATION_FORMAT = dwarf;
				ENABLE_STRICT_OBJC_MSGSEND = YES;
				ENABLE_TESTABILITY = YES;
				GCC_C_LANGUAGE_STANDARD = gnu11;
				GCC_DYNAMIC_NO_PIC = NO;
				GCC_NO_COMMON_BLOCKS = YES;
				GCC_OPTIMIZATION_LEVEL = 0;
				GCC_PREPROCESSOR_DEFINITIONS = (
					"DEBUG=1",
					"$(inherited)",
				);
				GCC_WARN_64_TO_32_BIT_CONVERSION = YES;
				GCC_WARN_ABOUT_RETURN_TYPE = YES_ERROR;
				GCC_WARN_UNDECLARED_SELECTOR = YES;
				GCC_WARN_UNINITIALIZED_AUTOS = YES_AGGRESSIVE;
				GCC_WARN_UNUSED_FUNCTION = YES;
				GCC_WARN_UNUSED_VARIABLE = YES;
				IPHONEOS_DEPLOYMENT_TARGET = 11.0;
				MTL_ENABLE_DEBUG_INFO = INCLUDE_SOURCE;
				MTL_FAST_MATH = YES;
				ONLY_ACTIVE_ARCH = YES;
				SDKROOT = iphoneos;
				SWIFT_ACTIVE_COMPILATION_CONDITIONS = DEBUG;
				SWIFT_OPTIMIZATION_LEVEL = "-Onone";
			};
			name = Debug;
		};
		1039FE0C244F1A1A00190088 /* Release */ = {
			isa = XCBuildConfiguration;
			buildSettings = {
				ALWAYS_SEARCH_USER_PATHS = NO;
				CLANG_ANALYZER_NONNULL = YES;
				CLANG_ANALYZER_NUMBER_OBJECT_CONVERSION = YES_AGGRESSIVE;
				CLANG_CXX_LANGUAGE_STANDARD = "gnu++14";
				CLANG_CXX_LIBRARY = "libc++";
				CLANG_ENABLE_MODULES = YES;
				CLANG_ENABLE_OBJC_ARC = YES;
				CLANG_ENABLE_OBJC_WEAK = YES;
				CLANG_WARN_BLOCK_CAPTURE_AUTORELEASING = YES;
				CLANG_WARN_BOOL_CONVERSION = YES;
				CLANG_WARN_COMMA = YES;
				CLANG_WARN_CONSTANT_CONVERSION = YES;
				CLANG_WARN_DEPRECATED_OBJC_IMPLEMENTATIONS = YES;
				CLANG_WARN_DIRECT_OBJC_ISA_USAGE = YES_ERROR;
				CLANG_WARN_DOCUMENTATION_COMMENTS = YES;
				CLANG_WARN_EMPTY_BODY = YES;
				CLANG_WARN_ENUM_CONVERSION = YES;
				CLANG_WARN_INFINITE_RECURSION = YES;
				CLANG_WARN_INT_CONVERSION = YES;
				CLANG_WARN_NON_LITERAL_NULL_CONVERSION = YES;
				CLANG_WARN_OBJC_IMPLICIT_RETAIN_SELF = YES;
				CLANG_WARN_OBJC_LITERAL_CONVERSION = YES;
				CLANG_WARN_OBJC_ROOT_CLASS = YES_ERROR;
				CLANG_WARN_RANGE_LOOP_ANALYSIS = YES;
				CLANG_WARN_STRICT_PROTOTYPES = YES;
				CLANG_WARN_SUSPICIOUS_MOVE = YES;
				CLANG_WARN_UNGUARDED_AVAILABILITY = YES_AGGRESSIVE;
				CLANG_WARN_UNREACHABLE_CODE = YES;
				CLANG_WARN__DUPLICATE_METHOD_MATCH = YES;
				COPY_PHASE_STRIP = NO;
				DEBUG_INFORMATION_FORMAT = "dwarf-with-dsym";
				ENABLE_NS_ASSERTIONS = NO;
				ENABLE_STRICT_OBJC_MSGSEND = YES;
				GCC_C_LANGUAGE_STANDARD = gnu11;
				GCC_NO_COMMON_BLOCKS = YES;
				GCC_WARN_64_TO_32_BIT_CONVERSION = YES;
				GCC_WARN_ABOUT_RETURN_TYPE = YES_ERROR;
				GCC_WARN_UNDECLARED_SELECTOR = YES;
				GCC_WARN_UNINITIALIZED_AUTOS = YES_AGGRESSIVE;
				GCC_WARN_UNUSED_FUNCTION = YES;
				GCC_WARN_UNUSED_VARIABLE = YES;
				IPHONEOS_DEPLOYMENT_TARGET = 11.0;
				MTL_ENABLE_DEBUG_INFO = NO;
				MTL_FAST_MATH = YES;
				SDKROOT = iphoneos;
				SWIFT_COMPILATION_MODE = wholemodule;
				SWIFT_OPTIMIZATION_LEVEL = "-O";
				VALIDATE_PRODUCT = YES;
			};
			name = Release;
		};
		1039FE0E244F1A1A00190088 /* Debug */ = {
			isa = XCBuildConfiguration;
			baseConfigurationReference = 1C85763EA134529E65BC648C /* Pods-EvolveGT-iOS.debug.xcconfig */;
			buildSettings = {
				ASSETCATALOG_COMPILER_APPICON_NAME = AppIcon;
				CODE_SIGN_STYLE = Automatic;
				DEVELOPMENT_TEAM = JMHPJG5Y5N;
				INFOPLIST_FILE = "EvolveGT-iOS/Info.plist";
				LD_RUNPATH_SEARCH_PATHS = (
					"$(inherited)",
					"@executable_path/Frameworks",
				);
				PRODUCT_BUNDLE_IDENTIFIER = "com.yaratech.EvolveGT-iOS.debug";
				PRODUCT_NAME = "$(TARGET_NAME)";
				SWIFT_VERSION = 4.2;
				TARGETED_DEVICE_FAMILY = "1,2";
			};
			name = Debug;
		};
		1039FE0F244F1A1A00190088 /* Release */ = {
			isa = XCBuildConfiguration;
			baseConfigurationReference = FEF52093E7F1FBFC66BA6E5A /* Pods-EvolveGT-iOS.release.xcconfig */;
			buildSettings = {
				ASSETCATALOG_COMPILER_APPICON_NAME = AppIcon;
				CODE_SIGN_STYLE = Automatic;
				DEVELOPMENT_TEAM = JMHPJG5Y5N;
				INFOPLIST_FILE = "EvolveGT-iOS/Info.plist";
				LD_RUNPATH_SEARCH_PATHS = (
					"$(inherited)",
					"@executable_path/Frameworks",
				);
				PRODUCT_BUNDLE_IDENTIFIER = "com.yaratech.EvolveGT-iOS";
				PRODUCT_NAME = "$(TARGET_NAME)";
				SWIFT_VERSION = 4.2;
				TARGETED_DEVICE_FAMILY = "1,2";
			};
			name = Release;
		};
		1039FE3D244F5D0000190088 /* QA */ = {
			isa = XCBuildConfiguration;
			baseConfigurationReference = 1039FE3B244F5CD100190088 /* ConfigQA.xcconfig */;
			buildSettings = {
				ALWAYS_SEARCH_USER_PATHS = NO;
				CLANG_ANALYZER_NONNULL = YES;
				CLANG_ANALYZER_NUMBER_OBJECT_CONVERSION = YES_AGGRESSIVE;
				CLANG_CXX_LANGUAGE_STANDARD = "gnu++14";
				CLANG_CXX_LIBRARY = "libc++";
				CLANG_ENABLE_MODULES = YES;
				CLANG_ENABLE_OBJC_ARC = YES;
				CLANG_ENABLE_OBJC_WEAK = YES;
				CLANG_WARN_BLOCK_CAPTURE_AUTORELEASING = YES;
				CLANG_WARN_BOOL_CONVERSION = YES;
				CLANG_WARN_COMMA = YES;
				CLANG_WARN_CONSTANT_CONVERSION = YES;
				CLANG_WARN_DEPRECATED_OBJC_IMPLEMENTATIONS = YES;
				CLANG_WARN_DIRECT_OBJC_ISA_USAGE = YES_ERROR;
				CLANG_WARN_DOCUMENTATION_COMMENTS = YES;
				CLANG_WARN_EMPTY_BODY = YES;
				CLANG_WARN_ENUM_CONVERSION = YES;
				CLANG_WARN_INFINITE_RECURSION = YES;
				CLANG_WARN_INT_CONVERSION = YES;
				CLANG_WARN_NON_LITERAL_NULL_CONVERSION = YES;
				CLANG_WARN_OBJC_IMPLICIT_RETAIN_SELF = YES;
				CLANG_WARN_OBJC_LITERAL_CONVERSION = YES;
				CLANG_WARN_OBJC_ROOT_CLASS = YES_ERROR;
				CLANG_WARN_RANGE_LOOP_ANALYSIS = YES;
				CLANG_WARN_STRICT_PROTOTYPES = YES;
				CLANG_WARN_SUSPICIOUS_MOVE = YES;
				CLANG_WARN_UNGUARDED_AVAILABILITY = YES_AGGRESSIVE;
				CLANG_WARN_UNREACHABLE_CODE = YES;
				CLANG_WARN__DUPLICATE_METHOD_MATCH = YES;
				COPY_PHASE_STRIP = NO;
				DEBUG_INFORMATION_FORMAT = dwarf;
				ENABLE_STRICT_OBJC_MSGSEND = YES;
				ENABLE_TESTABILITY = YES;
				GCC_C_LANGUAGE_STANDARD = gnu11;
				GCC_DYNAMIC_NO_PIC = NO;
				GCC_NO_COMMON_BLOCKS = YES;
				GCC_OPTIMIZATION_LEVEL = 0;
				GCC_PREPROCESSOR_DEFINITIONS = (
					"DEBUG=1",
					"$(inherited)",
				);
				GCC_WARN_64_TO_32_BIT_CONVERSION = YES;
				GCC_WARN_ABOUT_RETURN_TYPE = YES_ERROR;
				GCC_WARN_UNDECLARED_SELECTOR = YES;
				GCC_WARN_UNINITIALIZED_AUTOS = YES_AGGRESSIVE;
				GCC_WARN_UNUSED_FUNCTION = YES;
				GCC_WARN_UNUSED_VARIABLE = YES;
				IPHONEOS_DEPLOYMENT_TARGET = 11.0;
				MTL_ENABLE_DEBUG_INFO = INCLUDE_SOURCE;
				MTL_FAST_MATH = YES;
				ONLY_ACTIVE_ARCH = YES;
				SDKROOT = iphoneos;
				SWIFT_ACTIVE_COMPILATION_CONDITIONS = DEBUG;
				SWIFT_OPTIMIZATION_LEVEL = "-Onone";
			};
			name = QA;
		};
		1039FE3E244F5D0000190088 /* QA */ = {
			isa = XCBuildConfiguration;
			baseConfigurationReference = AE86EE90B82E53ECE2138B49 /* Pods-EvolveGT-iOS.qa.xcconfig */;
			buildSettings = {
				ASSETCATALOG_COMPILER_APPICON_NAME = AppIcon;
				CODE_SIGN_STYLE = Automatic;
				DEVELOPMENT_TEAM = JMHPJG5Y5N;
				INFOPLIST_FILE = "EvolveGT-iOS/Info.plist";
				LD_RUNPATH_SEARCH_PATHS = (
					"$(inherited)",
					"@executable_path/Frameworks",
				);
				PRODUCT_BUNDLE_IDENTIFIER = "com.yaratech.EvolveGT-iOS.debug";
				PRODUCT_NAME = "$(TARGET_NAME)";
				SWIFT_VERSION = 4.2;
				TARGETED_DEVICE_FAMILY = "1,2";
			};
			name = QA;
		};
		1039FE3F244F5D0C00190088 /* AppStore */ = {
			isa = XCBuildConfiguration;
			baseConfigurationReference = 1039FE3C244F5CEC00190088 /* ConfigAppStore.xcconfig */;
			buildSettings = {
				ALWAYS_SEARCH_USER_PATHS = NO;
				CLANG_ANALYZER_NONNULL = YES;
				CLANG_ANALYZER_NUMBER_OBJECT_CONVERSION = YES_AGGRESSIVE;
				CLANG_CXX_LANGUAGE_STANDARD = "gnu++14";
				CLANG_CXX_LIBRARY = "libc++";
				CLANG_ENABLE_MODULES = YES;
				CLANG_ENABLE_OBJC_ARC = YES;
				CLANG_ENABLE_OBJC_WEAK = YES;
				CLANG_WARN_BLOCK_CAPTURE_AUTORELEASING = YES;
				CLANG_WARN_BOOL_CONVERSION = YES;
				CLANG_WARN_COMMA = YES;
				CLANG_WARN_CONSTANT_CONVERSION = YES;
				CLANG_WARN_DEPRECATED_OBJC_IMPLEMENTATIONS = YES;
				CLANG_WARN_DIRECT_OBJC_ISA_USAGE = YES_ERROR;
				CLANG_WARN_DOCUMENTATION_COMMENTS = YES;
				CLANG_WARN_EMPTY_BODY = YES;
				CLANG_WARN_ENUM_CONVERSION = YES;
				CLANG_WARN_INFINITE_RECURSION = YES;
				CLANG_WARN_INT_CONVERSION = YES;
				CLANG_WARN_NON_LITERAL_NULL_CONVERSION = YES;
				CLANG_WARN_OBJC_IMPLICIT_RETAIN_SELF = YES;
				CLANG_WARN_OBJC_LITERAL_CONVERSION = YES;
				CLANG_WARN_OBJC_ROOT_CLASS = YES_ERROR;
				CLANG_WARN_RANGE_LOOP_ANALYSIS = YES;
				CLANG_WARN_STRICT_PROTOTYPES = YES;
				CLANG_WARN_SUSPICIOUS_MOVE = YES;
				CLANG_WARN_UNGUARDED_AVAILABILITY = YES_AGGRESSIVE;
				CLANG_WARN_UNREACHABLE_CODE = YES;
				CLANG_WARN__DUPLICATE_METHOD_MATCH = YES;
				COPY_PHASE_STRIP = NO;
				DEBUG_INFORMATION_FORMAT = "dwarf-with-dsym";
				ENABLE_NS_ASSERTIONS = NO;
				ENABLE_STRICT_OBJC_MSGSEND = YES;
				GCC_C_LANGUAGE_STANDARD = gnu11;
				GCC_NO_COMMON_BLOCKS = YES;
				GCC_WARN_64_TO_32_BIT_CONVERSION = YES;
				GCC_WARN_ABOUT_RETURN_TYPE = YES_ERROR;
				GCC_WARN_UNDECLARED_SELECTOR = YES;
				GCC_WARN_UNINITIALIZED_AUTOS = YES_AGGRESSIVE;
				GCC_WARN_UNUSED_FUNCTION = YES;
				GCC_WARN_UNUSED_VARIABLE = YES;
				IPHONEOS_DEPLOYMENT_TARGET = 11.0;
				MTL_ENABLE_DEBUG_INFO = NO;
				MTL_FAST_MATH = YES;
				SDKROOT = iphoneos;
				SWIFT_COMPILATION_MODE = wholemodule;
				SWIFT_OPTIMIZATION_LEVEL = "-O";
				VALIDATE_PRODUCT = YES;
			};
			name = AppStore;
		};
		1039FE40244F5D0C00190088 /* AppStore */ = {
			isa = XCBuildConfiguration;
			baseConfigurationReference = 73B7DDD2238E3F28A47DC264 /* Pods-EvolveGT-iOS.appstore.xcconfig */;
			buildSettings = {
				ASSETCATALOG_COMPILER_APPICON_NAME = AppIcon;
				CODE_SIGN_STYLE = Automatic;
				DEVELOPMENT_TEAM = JMHPJG5Y5N;
				INFOPLIST_FILE = "EvolveGT-iOS/Info.plist";
				LD_RUNPATH_SEARCH_PATHS = (
					"$(inherited)",
					"@executable_path/Frameworks",
				);
				PRODUCT_BUNDLE_IDENTIFIER = "com.yaratech.EvolveGT-iOS";
				PRODUCT_NAME = "$(TARGET_NAME)";
				SWIFT_VERSION = 4.2;
				TARGETED_DEVICE_FAMILY = "1,2";
			};
			name = AppStore;
		};
/* End XCBuildConfiguration section */

/* Begin XCConfigurationList section */
		1039FDF4244F1A1800190088 /* Build configuration list for PBXProject "EvolveGT-iOS" */ = {
			isa = XCConfigurationList;
			buildConfigurations = (
				1039FE0B244F1A1A00190088 /* Debug */,
				1039FE3D244F5D0000190088 /* QA */,
				1039FE0C244F1A1A00190088 /* Release */,
				1039FE3F244F5D0C00190088 /* AppStore */,
			);
			defaultConfigurationIsVisible = 0;
			defaultConfigurationName = Release;
		};
		1039FE0D244F1A1A00190088 /* Build configuration list for PBXNativeTarget "EvolveGT-iOS" */ = {
			isa = XCConfigurationList;
			buildConfigurations = (
				1039FE0E244F1A1A00190088 /* Debug */,
				1039FE3E244F5D0000190088 /* QA */,
				1039FE0F244F1A1A00190088 /* Release */,
				1039FE40244F5D0C00190088 /* AppStore */,
			);
			defaultConfigurationIsVisible = 0;
			defaultConfigurationName = Release;
		};
/* End XCConfigurationList section */
	};
	rootObject = 1039FDF1244F1A1800190088 /* Project object */;
}
